
Microsoft Visual Studio Solution File, Format Version 12.00
Project("{FAE04EC0-301F-11D3-BF4B-00C04F79EFBC}") = "Test", "Test\Test.csproj", "{8045FAAD-A623-4121-AAB8-1E915C2DFB89}"
EndProject
Project("{FAE04EC0-301F-11D3-BF4B-00C04F79EFBC}") = "Domain", "Domain\Domain.csproj", "{C405863A-E2B1-4513-ABE1-DC3DD68A2CE1}"
EndProject
Global
	GlobalSection(SolutionConfigurationPlatforms) = preSolution
		Debug|Any CPU = Debug|Any CPU
		Release|Any CPU = Release|Any CPU
	EndGlobalSection
	GlobalSection(ProjectConfigurationPlatforms) = postSolution
		{8045FAAD-A623-4121-AAB8-1E915C2DFB89}.Debug|Any CPU.ActiveCfg = Debug|Any CPU
		{8045FAAD-A623-4121-AAB8-1E915C2DFB89}.Debug|Any CPU.Build.0 = Debug|Any CPU
		{8045FAAD-A623-4121-AAB8-1E915C2DFB89}.Release|Any CPU.ActiveCfg = Release|Any CPU
		{8045FAAD-A623-4121-AAB8-1E915C2DFB89}.Release|Any CPU.Build.0 = Release|Any CPU
		{C405863A-E2B1-4513-ABE1-DC3DD68A2CE1}.Debug|Any CPU.ActiveCfg = Debug|Any CPU
		{C405863A-E2B1-4513-ABE1-DC3DD68A2CE1}.Debug|Any CPU.Build.0 = Debug|Any CPU
		{C405863A-E2B1-4513-ABE1-DC3DD68A2CE1}.Release|Any CPU.ActiveCfg = Release|Any CPU
		{C405863A-E2B1-4513-ABE1-DC3DD68A2CE1}.Release|Any CPU.Build.0 = Release|Any CPU
	EndGlobalSection
EndGlobal
